
Microsoft Visual Studio Solution File, Format Version 12.00
# Visual Studio Version 17
VisualStudioVersion = 17.14.36221.1 d17.14
MinimumVisualStudioVersion = 10.0.40219.1
Project("{FAE04EC0-301F-11D3-BF4B-00C04F79EFBC}") = "自选SCP", "自选SCP.csproj", "{201E7602-A5AF-4EC2-984A-B4592B15CB8A}"
EndProject
Global
	GlobalSection(SolutionConfigurationPlatforms) = preSolution
		Debug|Any CPU = Debug|Any CPU
		Debug|x64 = Debug|x64
		Release|Any CPU = Release|Any CPU
		Release|x64 = Release|x64
	EndGlobalSection
	GlobalSection(ProjectConfigurationPlatforms) = postSolution
		{201E7602-A5AF-4EC2-984A-B4592B15CB8A}.Debug|Any CPU.ActiveCfg = Debug|Any CPU
		{201E7602-A5AF-4EC2-984A-B4592B15CB8A}.Debug|Any CPU.Build.0 = Debug|Any CPU
		{201E7602-A5AF-4EC2-984A-B4592B15CB8A}.Debug|x64.ActiveCfg = Debug|x64
		{201E7602-A5AF-4EC2-984A-B4592B15CB8A}.Debug|x64.Build.0 = Debug|x64
		{201E7602-A5AF-4EC2-984A-B4592B15CB8A}.Release|Any CPU.ActiveCfg = Release|Any CPU
		{201E7602-A5AF-4EC2-984A-B4592B15CB8A}.Release|Any CPU.Build.0 = Release|Any CPU
		{201E7602-A5AF-4EC2-984A-B4592B15CB8A}.Release|x64.ActiveCfg = Release|x64
		{201E7602-A5AF-4EC2-984A-B4592B15CB8A}.Release|x64.Build.0 = Release|x64
	EndGlobalSection
	GlobalSection(SolutionProperties) = preSolution
		HideSolutionNode = FALSE
	EndGlobalSection
	GlobalSection(ExtensibilityGlobals) = postSolution
		SolutionGuid = {23154EBD-DDC4-4262-AB62-FBDDAFF8F541}
	EndGlobalSection
EndGlobal
